
Microsoft Visual Studio Solution File, Format Version 12.00
# Visual Studio Version 17
VisualStudioVersion = 17.2.32616.157
MinimumVisualStudioVersion = 10.0.40219.1
Project("{FAE04EC0-301F-11D3-BF4B-00C04F79EFBC}") = "WorkSeekerAPI", "WorkSeekerAPI\WorkSeekerAPI.csproj", "{6FBE3F3C-2FA5-492E-BCF7-2BA23E0F11C7}"
EndProject
Global
	GlobalSection(SolutionConfigurationPlatforms) = preSolution
		Debug|Any CPU = Debug|Any CPU
		Release|Any CPU = Release|Any CPU
	EndGlobalSection
	GlobalSection(ProjectConfigurationPlatforms) = postSolution
		{6FBE3F3C-2FA5-492E-BCF7-2BA23E0F11C7}.Debug|Any CPU.ActiveCfg = Debug|Any CPU
		{6FBE3F3C-2FA5-492E-BCF7-2BA23E0F11C7}.Debug|Any CPU.Build.0 = Debug|Any CPU
		{6FBE3F3C-2FA5-492E-BCF7-2BA23E0F11C7}.Release|Any CPU.ActiveCfg = Release|Any CPU
		{6FBE3F3C-2FA5-492E-BCF7-2BA23E0F11C7}.Release|Any CPU.Build.0 = Release|Any CPU
	EndGlobalSection
	GlobalSection(SolutionProperties) = preSolution
		HideSolutionNode = FALSE
	EndGlobalSection
	GlobalSection(ExtensibilityGlobals) = postSolution
		SolutionGuid = {B82B269E-7477-4A2C-B524-2077DCBA6714}
	EndGlobalSection
EndGlobal
